
Microsoft Visual Studio Solution File, Format Version 12.00
# Visual Studio Version 17
VisualStudioVersion = 17.0.31903.59
MinimumVisualStudioVersion = 10.0.40219.1
Project("{9A19103F-16F7-4668-BE54-9A1E7A4F7556}") = "FactoryMethod", "FactoryMethod\FactoryMethod.csproj", "{3603EFF9-DDE1-445D-AE59-D59ED79D53E3}"
EndProject
Project("{9A19103F-16F7-4668-BE54-9A1E7A4F7556}") = "AbstractFactory", "AbstractFactory\AbstractFactory.csproj", "{F92A8ACB-2464-4BC1-808B-9E960EA138EB}"
EndProject
Project("{9A19103F-16F7-4668-BE54-9A1E7A4F7556}") = "Builder", "Builder\Builder.csproj", "{62F985DE-923C-4264-86BC-9F6DDC68CCCA}"
EndProject
Project("{9A19103F-16F7-4668-BE54-9A1E7A4F7556}") = "CovarianceContravariance", "CovarianceContravariance\CovarianceContravariance.csproj", "{5911EC2A-7476-48DB-AF1E-6676D787BA59}"
EndProject
Project("{9A19103F-16F7-4668-BE54-9A1E7A4F7556}") = "Prototype", "Prototype\Prototype.csproj", "{8CF6DD50-4758-4EFF-8452-C7C6026B40F8}"
EndProject
Project("{2150E333-8FDC-42A3-9474-1A3956D46DE8}") = "Creational", "Creational", "{44089CFF-053C-4540-80AC-3D6AF0ADB2B8}"
EndProject
Project("{2150E333-8FDC-42A3-9474-1A3956D46DE8}") = "Structural", "Structural", "{232CCC7A-C782-447C-BC96-14160EB5EC8E}"
EndProject
Project("{9A19103F-16F7-4668-BE54-9A1E7A4F7556}") = "Adapter", "Adapter\Adapter.csproj", "{F70A087B-817F-4BAD-9B4C-B5FBA8C56903}"
EndProject
Project("{9A19103F-16F7-4668-BE54-9A1E7A4F7556}") = "Facade", "Facade\Facade.csproj", "{E6630F07-A027-41F3-953F-B6A4618272D6}"
EndProject
Project("{2150E333-8FDC-42A3-9474-1A3956D46DE8}") = "Zor", "Zor", "{116B9FF2-E2C0-485E-A33D-9B45B1AE8316}"
EndProject
Project("{9A19103F-16F7-4668-BE54-9A1E7A4F7556}") = "Decorator", "Decorator\Decorator.csproj", "{9A91B800-78B6-4D31-8C1B-6AEA2D2557D5}"
EndProject
Project("{9A19103F-16F7-4668-BE54-9A1E7A4F7556}") = "Bridge", "Bridge\Bridge.csproj", "{3AD8EB70-29FA-4808-BB2E-E20E6CF94224}"
EndProject
Project("{9A19103F-16F7-4668-BE54-9A1E7A4F7556}") = "Fluent", "Fluent\Fluent.csproj", "{D0411B98-3EC6-4CDC-AF70-F1782E02BA5C}"
EndProject
Project("{9A19103F-16F7-4668-BE54-9A1E7A4F7556}") = "Composite", "Composite\Composite.csproj", "{52A4FFB1-E307-430B-A727-2745B2CE389D}"
EndProject
Project("{9A19103F-16F7-4668-BE54-9A1E7A4F7556}") = "Proxy", "Proxy\Proxy.csproj", "{21EBBA83-604B-43CD-B886-723369D8F647}"
EndProject
Project("{9A19103F-16F7-4668-BE54-9A1E7A4F7556}") = "Flyweight", "Flyweight\Flyweight.csproj", "{10CEFABF-11AD-478E-A5C4-F5C0C8A657EE}"
EndProject
Project("{9A19103F-16F7-4668-BE54-9A1E7A4F7556}") = "FuncActionDelegate", "FuncActionDelegate\FuncActionDelegate.csproj", "{8A3C1AC9-B8B6-4633-BF30-D5CE677BE854}"
EndProject
Project("{2150E333-8FDC-42A3-9474-1A3956D46DE8}") = "Behavioral", "Behavioral", "{9C595323-1233-4BE0-BFAF-04EFB425E905}"
EndProject
Project("{9A19103F-16F7-4668-BE54-9A1E7A4F7556}") = "Iterator", "Iterator\Iterator.csproj", "{1D35C440-ACF6-4899-926F-F103E48F837B}"
EndProject
Project("{9A19103F-16F7-4668-BE54-9A1E7A4F7556}") = "Common", "Common\Common.csproj", "{00EF8D92-83F4-440E-989A-65A3A40AC14E}"
EndProject
Project("{FAE04EC0-301F-11D3-BF4B-00C04F79EFBC}") = "Observer", "Observer\Observer.csproj", "{3CD65C3E-98DF-4CB7-BD2B-BF0346DED431}"
EndProject
Project("{FAE04EC0-301F-11D3-BF4B-00C04F79EFBC}") = "ChainOfResponsibility", "ChainOfResponsibility\ChainOfResponsibility.csproj", "{62988F29-4A7C-403A-BDF7-A488BB8519B3}"
EndProject
Project("{FAE04EC0-301F-11D3-BF4B-00C04F79EFBC}") = "State", "State\State.csproj", "{A7FCE058-8622-4C99-8D5A-6A13F5289A61}"
EndProject
Project("{FAE04EC0-301F-11D3-BF4B-00C04F79EFBC}") = "TemplateMethod", "TemplateMethod\TemplateMethod.csproj", "{490FA344-2A06-41B6-9CD0-A3DA0AE54BB9}"
EndProject
Project("{FAE04EC0-301F-11D3-BF4B-00C04F79EFBC}") = "Command", "Command\Command.csproj", "{94C44D16-ED5B-4951-914B-E3C90E8B5799}"
EndProject
Project("{FAE04EC0-301F-11D3-BF4B-00C04F79EFBC}") = "Visitor", "Visitor\Visitor.csproj", "{F27AE660-8E14-4899-B80D-AD964DDD85CB}"
EndProject
Project("{FAE04EC0-301F-11D3-BF4B-00C04F79EFBC}") = "Strategy", "Strategy\Strategy.csproj", "{3B46756A-3BD3-4F75-90E9-2DBDA374CEF7}"
EndProject
Project("{FAE04EC0-301F-11D3-BF4B-00C04F79EFBC}") = "Interpreter", "Interpreter\Interpreter.csproj", "{9707486D-9C54-4804-8F0C-C466FBA8AE4C}"
EndProject
Project("{FAE04EC0-301F-11D3-BF4B-00C04F79EFBC}") = "Mediator", "Mediator\Mediator.csproj", "{789A2EC6-B184-4EC9-B97E-E222C1042400}"
EndProject
Global
	GlobalSection(SolutionConfigurationPlatforms) = preSolution
		Debug|Any CPU = Debug|Any CPU
		Release|Any CPU = Release|Any CPU
	EndGlobalSection
	GlobalSection(ProjectConfigurationPlatforms) = postSolution
		{3603EFF9-DDE1-445D-AE59-D59ED79D53E3}.Debug|Any CPU.ActiveCfg = Debug|Any CPU
		{3603EFF9-DDE1-445D-AE59-D59ED79D53E3}.Debug|Any CPU.Build.0 = Debug|Any CPU
		{3603EFF9-DDE1-445D-AE59-D59ED79D53E3}.Release|Any CPU.ActiveCfg = Release|Any CPU
		{3603EFF9-DDE1-445D-AE59-D59ED79D53E3}.Release|Any CPU.Build.0 = Release|Any CPU
		{F92A8ACB-2464-4BC1-808B-9E960EA138EB}.Debug|Any CPU.ActiveCfg = Debug|Any CPU
		{F92A8ACB-2464-4BC1-808B-9E960EA138EB}.Debug|Any CPU.Build.0 = Debug|Any CPU
		{F92A8ACB-2464-4BC1-808B-9E960EA138EB}.Release|Any CPU.ActiveCfg = Release|Any CPU
		{F92A8ACB-2464-4BC1-808B-9E960EA138EB}.Release|Any CPU.Build.0 = Release|Any CPU
		{62F985DE-923C-4264-86BC-9F6DDC68CCCA}.Debug|Any CPU.ActiveCfg = Debug|Any CPU
		{62F985DE-923C-4264-86BC-9F6DDC68CCCA}.Debug|Any CPU.Build.0 = Debug|Any CPU
		{62F985DE-923C-4264-86BC-9F6DDC68CCCA}.Release|Any CPU.ActiveCfg = Release|Any CPU
		{62F985DE-923C-4264-86BC-9F6DDC68CCCA}.Release|Any CPU.Build.0 = Release|Any CPU
		{5911EC2A-7476-48DB-AF1E-6676D787BA59}.Debug|Any CPU.ActiveCfg = Debug|Any CPU
		{5911EC2A-7476-48DB-AF1E-6676D787BA59}.Debug|Any CPU.Build.0 = Debug|Any CPU
		{5911EC2A-7476-48DB-AF1E-6676D787BA59}.Release|Any CPU.ActiveCfg = Release|Any CPU
		{5911EC2A-7476-48DB-AF1E-6676D787BA59}.Release|Any CPU.Build.0 = Release|Any CPU
		{8CF6DD50-4758-4EFF-8452-C7C6026B40F8}.Debug|Any CPU.ActiveCfg = Debug|Any CPU
		{8CF6DD50-4758-4EFF-8452-C7C6026B40F8}.Debug|Any CPU.Build.0 = Debug|Any CPU
		{8CF6DD50-4758-4EFF-8452-C7C6026B40F8}.Release|Any CPU.ActiveCfg = Release|Any CPU
		{8CF6DD50-4758-4EFF-8452-C7C6026B40F8}.Release|Any CPU.Build.0 = Release|Any CPU
		{F70A087B-817F-4BAD-9B4C-B5FBA8C56903}.Debug|Any CPU.ActiveCfg = Debug|Any CPU
		{F70A087B-817F-4BAD-9B4C-B5FBA8C56903}.Debug|Any CPU.Build.0 = Debug|Any CPU
		{F70A087B-817F-4BAD-9B4C-B5FBA8C56903}.Release|Any CPU.ActiveCfg = Release|Any CPU
		{F70A087B-817F-4BAD-9B4C-B5FBA8C56903}.Release|Any CPU.Build.0 = Release|Any CPU
		{E6630F07-A027-41F3-953F-B6A4618272D6}.Debug|Any CPU.ActiveCfg = Debug|Any CPU
		{E6630F07-A027-41F3-953F-B6A4618272D6}.Debug|Any CPU.Build.0 = Debug|Any CPU
		{E6630F07-A027-41F3-953F-B6A4618272D6}.Release|Any CPU.ActiveCfg = Release|Any CPU
		{E6630F07-A027-41F3-953F-B6A4618272D6}.Release|Any CPU.Build.0 = Release|Any CPU
		{9A91B800-78B6-4D31-8C1B-6AEA2D2557D5}.Debug|Any CPU.ActiveCfg = Debug|Any CPU
		{9A91B800-78B6-4D31-8C1B-6AEA2D2557D5}.Debug|Any CPU.Build.0 = Debug|Any CPU
		{9A91B800-78B6-4D31-8C1B-6AEA2D2557D5}.Release|Any CPU.ActiveCfg = Release|Any CPU
		{9A91B800-78B6-4D31-8C1B-6AEA2D2557D5}.Release|Any CPU.Build.0 = Release|Any CPU
		{3AD8EB70-29FA-4808-BB2E-E20E6CF94224}.Debug|Any CPU.ActiveCfg = Debug|Any CPU
		{3AD8EB70-29FA-4808-BB2E-E20E6CF94224}.Debug|Any CPU.Build.0 = Debug|Any CPU
		{3AD8EB70-29FA-4808-BB2E-E20E6CF94224}.Release|Any CPU.ActiveCfg = Release|Any CPU
		{3AD8EB70-29FA-4808-BB2E-E20E6CF94224}.Release|Any CPU.Build.0 = Release|Any CPU
		{D0411B98-3EC6-4CDC-AF70-F1782E02BA5C}.Debug|Any CPU.ActiveCfg = Debug|Any CPU
		{D0411B98-3EC6-4CDC-AF70-F1782E02BA5C}.Debug|Any CPU.Build.0 = Debug|Any CPU
		{D0411B98-3EC6-4CDC-AF70-F1782E02BA5C}.Release|Any CPU.ActiveCfg = Release|Any CPU
		{D0411B98-3EC6-4CDC-AF70-F1782E02BA5C}.Release|Any CPU.Build.0 = Release|Any CPU
		{52A4FFB1-E307-430B-A727-2745B2CE389D}.Debug|Any CPU.ActiveCfg = Debug|Any CPU
		{52A4FFB1-E307-430B-A727-2745B2CE389D}.Debug|Any CPU.Build.0 = Debug|Any CPU
		{52A4FFB1-E307-430B-A727-2745B2CE389D}.Release|Any CPU.ActiveCfg = Release|Any CPU
		{52A4FFB1-E307-430B-A727-2745B2CE389D}.Release|Any CPU.Build.0 = Release|Any CPU
		{21EBBA83-604B-43CD-B886-723369D8F647}.Debug|Any CPU.ActiveCfg = Debug|Any CPU
		{21EBBA83-604B-43CD-B886-723369D8F647}.Debug|Any CPU.Build.0 = Debug|Any CPU
		{21EBBA83-604B-43CD-B886-723369D8F647}.Release|Any CPU.ActiveCfg = Release|Any CPU
		{21EBBA83-604B-43CD-B886-723369D8F647}.Release|Any CPU.Build.0 = Release|Any CPU
		{10CEFABF-11AD-478E-A5C4-F5C0C8A657EE}.Debug|Any CPU.ActiveCfg = Debug|Any CPU
		{10CEFABF-11AD-478E-A5C4-F5C0C8A657EE}.Debug|Any CPU.Build.0 = Debug|Any CPU
		{10CEFABF-11AD-478E-A5C4-F5C0C8A657EE}.Release|Any CPU.ActiveCfg = Release|Any CPU
		{10CEFABF-11AD-478E-A5C4-F5C0C8A657EE}.Release|Any CPU.Build.0 = Release|Any CPU
		{8A3C1AC9-B8B6-4633-BF30-D5CE677BE854}.Debug|Any CPU.ActiveCfg = Debug|Any CPU
		{8A3C1AC9-B8B6-4633-BF30-D5CE677BE854}.Debug|Any CPU.Build.0 = Debug|Any CPU
		{8A3C1AC9-B8B6-4633-BF30-D5CE677BE854}.Release|Any CPU.ActiveCfg = Release|Any CPU
		{8A3C1AC9-B8B6-4633-BF30-D5CE677BE854}.Release|Any CPU.Build.0 = Release|Any CPU
		{1D35C440-ACF6-4899-926F-F103E48F837B}.Debug|Any CPU.ActiveCfg = Debug|Any CPU
		{1D35C440-ACF6-4899-926F-F103E48F837B}.Debug|Any CPU.Build.0 = Debug|Any CPU
		{1D35C440-ACF6-4899-926F-F103E48F837B}.Release|Any CPU.ActiveCfg = Release|Any CPU
		{1D35C440-ACF6-4899-926F-F103E48F837B}.Release|Any CPU.Build.0 = Release|Any CPU
		{00EF8D92-83F4-440E-989A-65A3A40AC14E}.Debug|Any CPU.ActiveCfg = Debug|Any CPU
		{00EF8D92-83F4-440E-989A-65A3A40AC14E}.Debug|Any CPU.Build.0 = Debug|Any CPU
		{00EF8D92-83F4-440E-989A-65A3A40AC14E}.Release|Any CPU.ActiveCfg = Release|Any CPU
		{00EF8D92-83F4-440E-989A-65A3A40AC14E}.Release|Any CPU.Build.0 = Release|Any CPU
		{3CD65C3E-98DF-4CB7-BD2B-BF0346DED431}.Debug|Any CPU.ActiveCfg = Debug|Any CPU
		{3CD65C3E-98DF-4CB7-BD2B-BF0346DED431}.Debug|Any CPU.Build.0 = Debug|Any CPU
		{3CD65C3E-98DF-4CB7-BD2B-BF0346DED431}.Release|Any CPU.ActiveCfg = Release|Any CPU
		{3CD65C3E-98DF-4CB7-BD2B-BF0346DED431}.Release|Any CPU.Build.0 = Release|Any CPU
		{62988F29-4A7C-403A-BDF7-A488BB8519B3}.Debug|Any CPU.ActiveCfg = Debug|Any CPU
		{62988F29-4A7C-403A-BDF7-A488BB8519B3}.Debug|Any CPU.Build.0 = Debug|Any CPU
		{62988F29-4A7C-403A-BDF7-A488BB8519B3}.Release|Any CPU.ActiveCfg = Release|Any CPU
		{62988F29-4A7C-403A-BDF7-A488BB8519B3}.Release|Any CPU.Build.0 = Release|Any CPU
		{A7FCE058-8622-4C99-8D5A-6A13F5289A61}.Debug|Any CPU.ActiveCfg = Debug|Any CPU
		{A7FCE058-8622-4C99-8D5A-6A13F5289A61}.Debug|Any CPU.Build.0 = Debug|Any CPU
		{A7FCE058-8622-4C99-8D5A-6A13F5289A61}.Release|Any CPU.ActiveCfg = Release|Any CPU
		{A7FCE058-8622-4C99-8D5A-6A13F5289A61}.Release|Any CPU.Build.0 = Release|Any CPU
		{490FA344-2A06-41B6-9CD0-A3DA0AE54BB9}.Debug|Any CPU.ActiveCfg = Debug|Any CPU
		{490FA344-2A06-41B6-9CD0-A3DA0AE54BB9}.Debug|Any CPU.Build.0 = Debug|Any CPU
		{490FA344-2A06-41B6-9CD0-A3DA0AE54BB9}.Release|Any CPU.ActiveCfg = Release|Any CPU
		{490FA344-2A06-41B6-9CD0-A3DA0AE54BB9}.Release|Any CPU.Build.0 = Release|Any CPU
		{94C44D16-ED5B-4951-914B-E3C90E8B5799}.Debug|Any CPU.ActiveCfg = Debug|Any CPU
		{94C44D16-ED5B-4951-914B-E3C90E8B5799}.Debug|Any CPU.Build.0 = Debug|Any CPU
		{94C44D16-ED5B-4951-914B-E3C90E8B5799}.Release|Any CPU.ActiveCfg = Release|Any CPU
		{94C44D16-ED5B-4951-914B-E3C90E8B5799}.Release|Any CPU.Build.0 = Release|Any CPU
		{F27AE660-8E14-4899-B80D-AD964DDD85CB}.Debug|Any CPU.ActiveCfg = Debug|Any CPU
		{F27AE660-8E14-4899-B80D-AD964DDD85CB}.Debug|Any CPU.Build.0 = Debug|Any CPU
		{F27AE660-8E14-4899-B80D-AD964DDD85CB}.Release|Any CPU.ActiveCfg = Release|Any CPU
		{F27AE660-8E14-4899-B80D-AD964DDD85CB}.Release|Any CPU.Build.0 = Release|Any CPU
		{3B46756A-3BD3-4F75-90E9-2DBDA374CEF7}.Debug|Any CPU.ActiveCfg = Debug|Any CPU
		{3B46756A-3BD3-4F75-90E9-2DBDA374CEF7}.Debug|Any CPU.Build.0 = Debug|Any CPU
		{3B46756A-3BD3-4F75-90E9-2DBDA374CEF7}.Release|Any CPU.ActiveCfg = Release|Any CPU
		{3B46756A-3BD3-4F75-90E9-2DBDA374CEF7}.Release|Any CPU.Build.0 = Release|Any CPU
		{9707486D-9C54-4804-8F0C-C466FBA8AE4C}.Debug|Any CPU.ActiveCfg = Debug|Any CPU
		{9707486D-9C54-4804-8F0C-C466FBA8AE4C}.Debug|Any CPU.Build.0 = Debug|Any CPU
		{9707486D-9C54-4804-8F0C-C466FBA8AE4C}.Release|Any CPU.ActiveCfg = Release|Any CPU
		{9707486D-9C54-4804-8F0C-C466FBA8AE4C}.Release|Any CPU.Build.0 = Release|Any CPU
		{789A2EC6-B184-4EC9-B97E-E222C1042400}.Debug|Any CPU.ActiveCfg = Debug|Any CPU
		{789A2EC6-B184-4EC9-B97E-E222C1042400}.Debug|Any CPU.Build.0 = Debug|Any CPU
		{789A2EC6-B184-4EC9-B97E-E222C1042400}.Release|Any CPU.ActiveCfg = Release|Any CPU
		{789A2EC6-B184-4EC9-B97E-E222C1042400}.Release|Any CPU.Build.0 = Release|Any CPU
	EndGlobalSection
	GlobalSection(SolutionProperties) = preSolution
		HideSolutionNode = FALSE
	EndGlobalSection
	GlobalSection(NestedProjects) = preSolution
		{3603EFF9-DDE1-445D-AE59-D59ED79D53E3} = {44089CFF-053C-4540-80AC-3D6AF0ADB2B8}
		{F92A8ACB-2464-4BC1-808B-9E960EA138EB} = {44089CFF-053C-4540-80AC-3D6AF0ADB2B8}
		{62F985DE-923C-4264-86BC-9F6DDC68CCCA} = {44089CFF-053C-4540-80AC-3D6AF0ADB2B8}
		{5911EC2A-7476-48DB-AF1E-6676D787BA59} = {116B9FF2-E2C0-485E-A33D-9B45B1AE8316}
		{8CF6DD50-4758-4EFF-8452-C7C6026B40F8} = {44089CFF-053C-4540-80AC-3D6AF0ADB2B8}
		{F70A087B-817F-4BAD-9B4C-B5FBA8C56903} = {232CCC7A-C782-447C-BC96-14160EB5EC8E}
		{E6630F07-A027-41F3-953F-B6A4618272D6} = {232CCC7A-C782-447C-BC96-14160EB5EC8E}
		{9A91B800-78B6-4D31-8C1B-6AEA2D2557D5} = {232CCC7A-C782-447C-BC96-14160EB5EC8E}
		{3AD8EB70-29FA-4808-BB2E-E20E6CF94224} = {232CCC7A-C782-447C-BC96-14160EB5EC8E}
		{D0411B98-3EC6-4CDC-AF70-F1782E02BA5C} = {44089CFF-053C-4540-80AC-3D6AF0ADB2B8}
		{52A4FFB1-E307-430B-A727-2745B2CE389D} = {232CCC7A-C782-447C-BC96-14160EB5EC8E}
		{21EBBA83-604B-43CD-B886-723369D8F647} = {232CCC7A-C782-447C-BC96-14160EB5EC8E}
		{10CEFABF-11AD-478E-A5C4-F5C0C8A657EE} = {232CCC7A-C782-447C-BC96-14160EB5EC8E}
		{8A3C1AC9-B8B6-4633-BF30-D5CE677BE854} = {116B9FF2-E2C0-485E-A33D-9B45B1AE8316}
		{1D35C440-ACF6-4899-926F-F103E48F837B} = {9C595323-1233-4BE0-BFAF-04EFB425E905}
		{00EF8D92-83F4-440E-989A-65A3A40AC14E} = {116B9FF2-E2C0-485E-A33D-9B45B1AE8316}
		{3CD65C3E-98DF-4CB7-BD2B-BF0346DED431} = {9C595323-1233-4BE0-BFAF-04EFB425E905}
		{62988F29-4A7C-403A-BDF7-A488BB8519B3} = {9C595323-1233-4BE0-BFAF-04EFB425E905}
		{A7FCE058-8622-4C99-8D5A-6A13F5289A61} = {9C595323-1233-4BE0-BFAF-04EFB425E905}
		{490FA344-2A06-41B6-9CD0-A3DA0AE54BB9} = {9C595323-1233-4BE0-BFAF-04EFB425E905}
		{94C44D16-ED5B-4951-914B-E3C90E8B5799} = {9C595323-1233-4BE0-BFAF-04EFB425E905}
		{F27AE660-8E14-4899-B80D-AD964DDD85CB} = {9C595323-1233-4BE0-BFAF-04EFB425E905}
		{3B46756A-3BD3-4F75-90E9-2DBDA374CEF7} = {9C595323-1233-4BE0-BFAF-04EFB425E905}
		{9707486D-9C54-4804-8F0C-C466FBA8AE4C} = {9C595323-1233-4BE0-BFAF-04EFB425E905}
		{789A2EC6-B184-4EC9-B97E-E222C1042400} = {9C595323-1233-4BE0-BFAF-04EFB425E905}
	EndGlobalSection
	GlobalSection(ExtensibilityGlobals) = postSolution
		SolutionGuid = {FFCAF18B-BDDD-4D8A-B41B-6EA432BD9542}
	EndGlobalSection
EndGlobal
