
Microsoft Visual Studio Solution File, Format Version 12.00
# Visual Studio Version 16
VisualStudioVersion = 16.0.31613.86
MinimumVisualStudioVersion = 10.0.40219.1
Project("{9A19103F-16F7-4668-BE54-9A1E7A4F7556}") = "FactoryMethod", "FactoryMethod\FactoryMethod.csproj", "{3603EFF9-DDE1-445D-AE59-D59ED79D53E3}"
EndProject
Project("{FAE04EC0-301F-11D3-BF4B-00C04F79EFBC}") = "AbstractFactory", "AbstractFactory\AbstractFactory.csproj", "{F92A8ACB-2464-4BC1-808B-9E960EA138EB}"
EndProject
Global
	GlobalSection(SolutionConfigurationPlatforms) = preSolution
		Debug|Any CPU = Debug|Any CPU
		Release|Any CPU = Release|Any CPU
	EndGlobalSection
	GlobalSection(ProjectConfigurationPlatforms) = postSolution
		{3603EFF9-DDE1-445D-AE59-D59ED79D53E3}.Debug|Any CPU.ActiveCfg = Debug|Any CPU
		{3603EFF9-DDE1-445D-AE59-D59ED79D53E3}.Debug|Any CPU.Build.0 = Debug|Any CPU
		{3603EFF9-DDE1-445D-AE59-D59ED79D53E3}.Release|Any CPU.ActiveCfg = Release|Any CPU
		{3603EFF9-DDE1-445D-AE59-D59ED79D53E3}.Release|Any CPU.Build.0 = Release|Any CPU
		{F92A8ACB-2464-4BC1-808B-9E960EA138EB}.Debug|Any CPU.ActiveCfg = Debug|Any CPU
		{F92A8ACB-2464-4BC1-808B-9E960EA138EB}.Debug|Any CPU.Build.0 = Debug|Any CPU
		{F92A8ACB-2464-4BC1-808B-9E960EA138EB}.Release|Any CPU.ActiveCfg = Release|Any CPU
		{F92A8ACB-2464-4BC1-808B-9E960EA138EB}.Release|Any CPU.Build.0 = Release|Any CPU
	EndGlobalSection
	GlobalSection(SolutionProperties) = preSolution
		HideSolutionNode = FALSE
	EndGlobalSection
	GlobalSection(ExtensibilityGlobals) = postSolution
		SolutionGuid = {FFCAF18B-BDDD-4D8A-B41B-6EA432BD9542}
	EndGlobalSection
EndGlobal
